// !$*UTF8*$!
{
	archiveVersion = 1;
	classes = {
	};
	objectVersion = 48;
	objects = {

/* Begin PBXBuildFile section */
		35023DA86ADB1A257D15419E /* libPods-adzealer.a in Frameworks */ = {isa = PBXBuildFile; fileRef = 5D1E88BA7B79EE0A174A6ADC /* libPods-adzealer.a */; };
		5E6725381FF0972F0093E59F /* ZEProgramDetailPriceDetailCell.m in Sources */ = {isa = PBXBuildFile; fileRef = 5E6725371FF0972F0093E59F /* ZEProgramDetailPriceDetailCell.m */; };
		5E7136C61FEF8C950094E74B /* Main.storyboard in Resources */ = {isa = PBXBuildFile; fileRef = 5E7136C41FEF8C950094E74B /* Main.storyboard */; };
		5E7136C81FEF8C950094E74B /* Assets.xcassets in Resources */ = {isa = PBXBuildFile; fileRef = 5E7136C71FEF8C950094E74B /* Assets.xcassets */; };
		5E7136CB1FEF8C950094E74B /* LaunchScreen.storyboard in Resources */ = {isa = PBXBuildFile; fileRef = 5E7136C91FEF8C950094E74B /* LaunchScreen.storyboard */; };
		5E7136CE1FEF8C950094E74B /* main.m in Sources */ = {isa = PBXBuildFile; fileRef = 5E7136CD1FEF8C950094E74B /* main.m */; };
		5E7D37891FEF9C86006B673A /* MOTPopConfig.m in Sources */ = {isa = PBXBuildFile; fileRef = 5E7D375E1FEF9C86006B673A /* MOTPopConfig.m */; };
		5E7D378A1FEF9C86006B673A /* MOTMutablePopView.m in Sources */ = {isa = PBXBuildFile; fileRef = 5E7D37611FEF9C86006B673A /* MOTMutablePopView.m */; };
		5E7D378B1FEF9C86006B673A /* PTCommonTools.m in Sources */ = {isa = PBXBuildFile; fileRef = 5E7D37621FEF9C86006B673A /* PTCommonTools.m */; };
		5E7D378C1FEF9C86006B673A /* PTDatePickerView.m in Sources */ = {isa = PBXBuildFile; fileRef = 5E7D37661FEF9C86006B673A /* PTDatePickerView.m */; };
		5E7D378D1FEF9C86006B673A /* UIImage+PT.m in Sources */ = {isa = PBXBuildFile; fileRef = 5E7D37691FEF9C86006B673A /* UIImage+PT.m */; };
		5E7D378E1FEF9C86006B673A /* UIColor+Hex.m in Sources */ = {isa = PBXBuildFile; fileRef = 5E7D376A1FEF9C86006B673A /* UIColor+Hex.m */; };
		5E7D378F1FEF9C86006B673A /* PTAppDelegate.m in Sources */ = {isa = PBXBuildFile; fileRef = 5E7D376D1FEF9C86006B673A /* PTAppDelegate.m */; };
		5E7D37901FEF9C86006B673A /* PTNavigationController.m in Sources */ = {isa = PBXBuildFile; fileRef = 5E7D37741FEF9C86006B673A /* PTNavigationController.m */; };
		5E7D37911FEF9C86006B673A /* PTTabBarViewController.m in Sources */ = {isa = PBXBuildFile; fileRef = 5E7D37751FEF9C86006B673A /* PTTabBarViewController.m */; };
		5E7D37921FEF9C86006B673A /* PTBaseViewController.m in Sources */ = {isa = PBXBuildFile; fileRef = 5E7D37761FEF9C86006B673A /* PTBaseViewController.m */; };
		5E7D37931FEF9C86006B673A /* PTNewfeatureViewController.m in Sources */ = {isa = PBXBuildFile; fileRef = 5E7D37771FEF9C86006B673A /* PTNewfeatureViewController.m */; };
		5E7D37941FEF9C86006B673A /* PTNewfeatureModel.m in Sources */ = {isa = PBXBuildFile; fileRef = 5E7D377B1FEF9C86006B673A /* PTNewfeatureModel.m */; };
		5E7D37951FEF9C86006B673A /* PTTabBarButton.m in Sources */ = {isa = PBXBuildFile; fileRef = 5E7D377F1FEF9C86006B673A /* PTTabBarButton.m */; };
		5E7D37961FEF9C86006B673A /* PTNewfeatureView.m in Sources */ = {isa = PBXBuildFile; fileRef = 5E7D37811FEF9C86006B673A /* PTNewfeatureView.m */; };
		5E7D37971FEF9C86006B673A /* PTBadgeButton.m in Sources */ = {isa = PBXBuildFile; fileRef = 5E7D37821FEF9C86006B673A /* PTBadgeButton.m */; };
		5E7D37981FEF9C86006B673A /* PTNewfeaturePageControl.m in Sources */ = {isa = PBXBuildFile; fileRef = 5E7D37841FEF9C86006B673A /* PTNewfeaturePageControl.m */; };
		5E7D37991FEF9C86006B673A /* PTTabBar.m in Sources */ = {isa = PBXBuildFile; fileRef = 5E7D37861FEF9C86006B673A /* PTTabBar.m */; };
		5E7D37A01FEF9E37006B673A /* ZEProgramDetailsVC.m in Sources */ = {isa = PBXBuildFile; fileRef = 5E7D379F1FEF9E37006B673A /* ZEProgramDetailsVC.m */; };
		5E7D37A31FEFAF26006B673A /* HMSegmentedControl.m in Sources */ = {isa = PBXBuildFile; fileRef = 5E7D37A21FEFAF26006B673A /* HMSegmentedControl.m */; };
		5E7D37A91FEFB13F006B673A /* NSString+File.m in Sources */ = {isa = PBXBuildFile; fileRef = 5E7D37A81FEFB13F006B673A /* NSString+File.m */; };
		5E7D37B11FEFC338006B673A /* ZEProgramDetailParaHeaderView.m in Sources */ = {isa = PBXBuildFile; fileRef = 5E7D37B01FEFC338006B673A /* ZEProgramDetailParaHeaderView.m */; };
		5E9B2A471FF0EC94006F4799 /* ZEProgramDetailParamCell.m in Sources */ = {isa = PBXBuildFile; fileRef = 5E9B2A461FF0EC94006F4799 /* ZEProgramDetailParamCell.m */; };
		5EDD6F5C1FF3B5A900173A75 /* ZEProgramDetailSellTimeCell.m in Sources */ = {isa = PBXBuildFile; fileRef = 5EDD6F5B1FF3B5A900173A75 /* ZEProgramDetailSellTimeCell.m */; };
		5EDD6F5F1FF3B95F00173A75 /* ZEProgramDetailModel.m in Sources */ = {isa = PBXBuildFile; fileRef = 5EDD6F5E1FF3B95F00173A75 /* ZEProgramDetailModel.m */; };
		5EF0CDCD1FF0C01A005870A9 /* JHGridView.m in Sources */ = {isa = PBXBuildFile; fileRef = 5EF0CDCC1FF0C01A005870A9 /* JHGridView.m */; };
		5EF7D80E1FF7C65100CA2ECC /* ZEProgramDetailPlaceCell.m in Sources */ = {isa = PBXBuildFile; fileRef = 5EF7D80D1FF7C65100CA2ECC /* ZEProgramDetailPlaceCell.m */; };
		5EF7D8171FF8800800CA2ECC /* CenterViewController.m in Sources */ = {isa = PBXBuildFile; fileRef = 5EF7D8151FF8800800CA2ECC /* CenterViewController.m */; };
		5EF7D81F1FF880D600CA2ECC /* SubmitDetailInfoViewController.m in Sources */ = {isa = PBXBuildFile; fileRef = 5EF7D81E1FF880D600CA2ECC /* SubmitDetailInfoViewController.m */; };
		5EF7D8231FF8810400CA2ECC /* LlzTypeView.m in Sources */ = {isa = PBXBuildFile; fileRef = 5EF7D8211FF8810400CA2ECC /* LlzTypeView.m */; };
		5EF7D8241FF8810400CA2ECC /* LlzTypeView.xib in Resources */ = {isa = PBXBuildFile; fileRef = 5EF7D8221FF8810400CA2ECC /* LlzTypeView.xib */; };
		5EF7D8281FF8811F00CA2ECC /* CenterModelView.m in Sources */ = {isa = PBXBuildFile; fileRef = 5EF7D8251FF8811F00CA2ECC /* CenterModelView.m */; };
		5EF7D8291FF8811F00CA2ECC /* CenterModelView.xib in Resources */ = {isa = PBXBuildFile; fileRef = 5EF7D8261FF8811F00CA2ECC /* CenterModelView.xib */; };
		5EF7D82D1FF8814B00CA2ECC /* ApplyInfoView.m in Sources */ = {isa = PBXBuildFile; fileRef = 5EF7D82A1FF8814A00CA2ECC /* ApplyInfoView.m */; };
		5EF7D82E1FF8814B00CA2ECC /* ApplyInfoView.xib in Resources */ = {isa = PBXBuildFile; fileRef = 5EF7D82C1FF8814B00CA2ECC /* ApplyInfoView.xib */; };
		5EF7D8321FF8816F00CA2ECC /* HylbTableViewCell.xib in Resources */ = {isa = PBXBuildFile; fileRef = 5EF7D82F1FF8816F00CA2ECC /* HylbTableViewCell.xib */; };
		5EF7D8331FF8816F00CA2ECC /* HylbTableViewCell.m in Sources */ = {isa = PBXBuildFile; fileRef = 5EF7D8301FF8816F00CA2ECC /* HylbTableViewCell.m */; };
		5EF7D8361FF8819F00CA2ECC /* UIImagePickerController+ST.m in Sources */ = {isa = PBXBuildFile; fileRef = 5EF7D8341FF8819F00CA2ECC /* UIImagePickerController+ST.m */; };
		5EF7D83A1FF881C900CA2ECC /* SubmitApplyViewController.m in Sources */ = {isa = PBXBuildFile; fileRef = 5EF7D8371FF881C900CA2ECC /* SubmitApplyViewController.m */; };
		5EF7D83B1FF881C900CA2ECC /* SubmitApplyViewController.xib in Resources */ = {isa = PBXBuildFile; fileRef = 5EF7D8391FF881C900CA2ECC /* SubmitApplyViewController.xib */; };
		5EF7D83E1FF883F500CA2ECC /* ZEProgramListVC.m in Sources */ = {isa = PBXBuildFile; fileRef = 5EF7D83C1FF883F400CA2ECC /* ZEProgramListVC.m */; };
		5EF7D8411FF8851E00CA2ECC /* LLZPerSubmitViewController.m in Sources */ = {isa = PBXBuildFile; fileRef = 5EF7D8401FF8851E00CA2ECC /* LLZPerSubmitViewController.m */; };
		5EF7D8451FF8854700CA2ECC /* PersonInfoSubmitView.xib in Resources */ = {isa = PBXBuildFile; fileRef = 5EF7D8431FF8854700CA2ECC /* PersonInfoSubmitView.xib */; };
		5EF7D8461FF8854700CA2ECC /* PersonInfoSubmitView.m in Sources */ = {isa = PBXBuildFile; fileRef = 5EF7D8441FF8854700CA2ECC /* PersonInfoSubmitView.m */; };
/* End PBXBuildFile section */

/* Begin PBXFileReference section */
		5D1E88BA7B79EE0A174A6ADC /* libPods-adzealer.a */ = {isa = PBXFileReference; explicitFileType = archive.ar; includeInIndex = 0; path = "libPods-adzealer.a"; sourceTree = BUILT_PRODUCTS_DIR; };
		5E6725361FF0972F0093E59F /* ZEProgramDetailPriceDetailCell.h */ = {isa = PBXFileReference; lastKnownFileType = sourcecode.c.h; path = ZEProgramDetailPriceDetailCell.h; sourceTree = "<group>"; };
		5E6725371FF0972F0093E59F /* ZEProgramDetailPriceDetailCell.m */ = {isa = PBXFileReference; lastKnownFileType = sourcecode.c.objc; path = ZEProgramDetailPriceDetailCell.m; sourceTree = "<group>"; };
		5E7136BB1FEF8C950094E74B /* adzealer.app */ = {isa = PBXFileReference; explicitFileType = wrapper.application; includeInIndex = 0; path = adzealer.app; sourceTree = BUILT_PRODUCTS_DIR; };
		5E7136C51FEF8C950094E74B /* Base */ = {isa = PBXFileReference; lastKnownFileType = file.storyboard; name = Base; path = Base.lproj/Main.storyboard; sourceTree = "<group>"; };
		5E7136C71FEF8C950094E74B /* Assets.xcassets */ = {isa = PBXFileReference; lastKnownFileType = folder.assetcatalog; path = Assets.xcassets; sourceTree = "<group>"; };
		5E7136CA1FEF8C950094E74B /* Base */ = {isa = PBXFileReference; lastKnownFileType = file.storyboard; name = Base; path = Base.lproj/LaunchScreen.storyboard; sourceTree = "<group>"; };
		5E7136CC1FEF8C950094E74B /* Info.plist */ = {isa = PBXFileReference; lastKnownFileType = text.plist.xml; path = Info.plist; sourceTree = "<group>"; };
		5E7136CD1FEF8C950094E74B /* main.m */ = {isa = PBXFileReference; lastKnownFileType = sourcecode.c.objc; path = main.m; sourceTree = "<group>"; };
		5E7D375B1FEF9C86006B673A /* PTCommonTools.h */ = {isa = PBXFileReference; fileEncoding = 4; lastKnownFileType = sourcecode.c.h; path = PTCommonTools.h; sourceTree = "<group>"; };
		5E7D375E1FEF9C86006B673A /* MOTPopConfig.m */ = {isa = PBXFileReference; fileEncoding = 4; lastKnownFileType = sourcecode.c.objc; path = MOTPopConfig.m; sourceTree = "<group>"; };
		5E7D375F1FEF9C86006B673A /* MOTMutablePopView.h */ = {isa = PBXFileReference; fileEncoding = 4; lastKnownFileType = sourcecode.c.h; path = MOTMutablePopView.h; sourceTree = "<group>"; };
		5E7D37601FEF9C86006B673A /* MOTPopConfig.h */ = {isa = PBXFileReference; fileEncoding = 4; lastKnownFileType = sourcecode.c.h; path = MOTPopConfig.h; sourceTree = "<group>"; };
		5E7D37611FEF9C86006B673A /* MOTMutablePopView.m */ = {isa = PBXFileReference; fileEncoding = 4; lastKnownFileType = sourcecode.c.objc; path = MOTMutablePopView.m; sourceTree = "<group>"; };
		5E7D37621FEF9C86006B673A /* PTCommonTools.m */ = {isa = PBXFileReference; fileEncoding = 4; lastKnownFileType = sourcecode.c.objc; path = PTCommonTools.m; sourceTree = "<group>"; };
		5E7D37641FEF9C86006B673A /* PTPracticalTraining.pch */ = {isa = PBXFileReference; fileEncoding = 4; lastKnownFileType = sourcecode.c.h; path = PTPracticalTraining.pch; sourceTree = "<group>"; };
		5E7D37661FEF9C86006B673A /* PTDatePickerView.m */ = {isa = PBXFileReference; fileEncoding = 4; lastKnownFileType = sourcecode.c.objc; path = PTDatePickerView.m; sourceTree = "<group>"; };
		5E7D37671FEF9C86006B673A /* PTDatePickerView.h */ = {isa = PBXFileReference; fileEncoding = 4; lastKnownFileType = sourcecode.c.h; path = PTDatePickerView.h; sourceTree = "<group>"; };
		5E7D37691FEF9C86006B673A /* UIImage+PT.m */ = {isa = PBXFileReference; fileEncoding = 4; lastKnownFileType = sourcecode.c.objc; path = "UIImage+PT.m"; sourceTree = "<group>"; };
		5E7D376A1FEF9C86006B673A /* UIColor+Hex.m */ = {isa = PBXFileReference; fileEncoding = 4; lastKnownFileType = sourcecode.c.objc; path = "UIColor+Hex.m"; sourceTree = "<group>"; };
		5E7D376B1FEF9C86006B673A /* UIColor+Hex.h */ = {isa = PBXFileReference; fileEncoding = 4; lastKnownFileType = sourcecode.c.h; path = "UIColor+Hex.h"; sourceTree = "<group>"; };
		5E7D376C1FEF9C86006B673A /* UIImage+PT.h */ = {isa = PBXFileReference; fileEncoding = 4; lastKnownFileType = sourcecode.c.h; path = "UIImage+PT.h"; sourceTree = "<group>"; };
		5E7D376D1FEF9C86006B673A /* PTAppDelegate.m */ = {isa = PBXFileReference; fileEncoding = 4; lastKnownFileType = sourcecode.c.objc; path = PTAppDelegate.m; sourceTree = "<group>"; };
		5E7D376E1FEF9C86006B673A /* PTPracticalTraining.h */ = {isa = PBXFileReference; fileEncoding = 4; lastKnownFileType = sourcecode.c.h; path = PTPracticalTraining.h; sourceTree = "<group>"; };
		5E7D376F1FEF9C86006B673A /* PTAppDelegate.h */ = {isa = PBXFileReference; fileEncoding = 4; lastKnownFileType = sourcecode.c.h; path = PTAppDelegate.h; sourceTree = "<group>"; };
		5E7D37721FEF9C86006B673A /* PTNewfeatureViewController.h */ = {isa = PBXFileReference; fileEncoding = 4; lastKnownFileType = sourcecode.c.h; path = PTNewfeatureViewController.h; sourceTree = "<group>"; };
		5E7D37731FEF9C86006B673A /* PTBaseViewController.h */ = {isa = PBXFileReference; fileEncoding = 4; lastKnownFileType = sourcecode.c.h; path = PTBaseViewController.h; sourceTree = "<group>"; };
		5E7D37741FEF9C86006B673A /* PTNavigationController.m */ = {isa = PBXFileReference; fileEncoding = 4; lastKnownFileType = sourcecode.c.objc; path = PTNavigationController.m; sourceTree = "<group>"; };
		5E7D37751FEF9C86006B673A /* PTTabBarViewController.m */ = {isa = PBXFileReference; fileEncoding = 4; lastKnownFileType = sourcecode.c.objc; path = PTTabBarViewController.m; sourceTree = "<group>"; };
		5E7D37761FEF9C86006B673A /* PTBaseViewController.m */ = {isa = PBXFileReference; fileEncoding = 4; lastKnownFileType = sourcecode.c.objc; path = PTBaseViewController.m; sourceTree = "<group>"; };
		5E7D37771FEF9C86006B673A /* PTNewfeatureViewController.m */ = {isa = PBXFileReference; fileEncoding = 4; lastKnownFileType = sourcecode.c.objc; path = PTNewfeatureViewController.m; sourceTree = "<group>"; };
		5E7D37781FEF9C86006B673A /* PTNavigationController.h */ = {isa = PBXFileReference; fileEncoding = 4; lastKnownFileType = sourcecode.c.h; path = PTNavigationController.h; sourceTree = "<group>"; };
		5E7D37791FEF9C86006B673A /* PTTabBarViewController.h */ = {isa = PBXFileReference; fileEncoding = 4; lastKnownFileType = sourcecode.c.h; path = PTTabBarViewController.h; sourceTree = "<group>"; };
		5E7D377B1FEF9C86006B673A /* PTNewfeatureModel.m */ = {isa = PBXFileReference; fileEncoding = 4; lastKnownFileType = sourcecode.c.objc; path = PTNewfeatureModel.m; sourceTree = "<group>"; };
		5E7D377C1FEF9C86006B673A /* PTNewfeatureModel.h */ = {isa = PBXFileReference; fileEncoding = 4; lastKnownFileType = sourcecode.c.h; path = PTNewfeatureModel.h; sourceTree = "<group>"; };
		5E7D377E1FEF9C86006B673A /* PTNewfeaturePageControl.h */ = {isa = PBXFileReference; fileEncoding = 4; lastKnownFileType = sourcecode.c.h; path = PTNewfeaturePageControl.h; sourceTree = "<group>"; };
		5E7D377F1FEF9C86006B673A /* PTTabBarButton.m */ = {isa = PBXFileReference; fileEncoding = 4; lastKnownFileType = sourcecode.c.objc; path = PTTabBarButton.m; sourceTree = "<group>"; };
		5E7D37801FEF9C86006B673A /* PTTabBar.h */ = {isa = PBXFileReference; fileEncoding = 4; lastKnownFileType = sourcecode.c.h; path = PTTabBar.h; sourceTree = "<group>"; };
		5E7D37811FEF9C86006B673A /* PTNewfeatureView.m */ = {isa = PBXFileReference; fileEncoding = 4; lastKnownFileType = sourcecode.c.objc; path = PTNewfeatureView.m; sourceTree = "<group>"; };
		5E7D37821FEF9C86006B673A /* PTBadgeButton.m */ = {isa = PBXFileReference; fileEncoding = 4; lastKnownFileType = sourcecode.c.objc; path = PTBadgeButton.m; sourceTree = "<group>"; };
		5E7D37831FEF9C86006B673A /* PTTabBarButton.h */ = {isa = PBXFileReference; fileEncoding = 4; lastKnownFileType = sourcecode.c.h; path = PTTabBarButton.h; sourceTree = "<group>"; };
		5E7D37841FEF9C86006B673A /* PTNewfeaturePageControl.m */ = {isa = PBXFileReference; fileEncoding = 4; lastKnownFileType = sourcecode.c.objc; path = PTNewfeaturePageControl.m; sourceTree = "<group>"; };
		5E7D37851FEF9C86006B673A /* PTNewfeatureView.h */ = {isa = PBXFileReference; fileEncoding = 4; lastKnownFileType = sourcecode.c.h; path = PTNewfeatureView.h; sourceTree = "<group>"; };
		5E7D37861FEF9C86006B673A /* PTTabBar.m */ = {isa = PBXFileReference; fileEncoding = 4; lastKnownFileType = sourcecode.c.objc; path = PTTabBar.m; sourceTree = "<group>"; };
		5E7D37871FEF9C86006B673A /* PTBadgeButton.h */ = {isa = PBXFileReference; fileEncoding = 4; lastKnownFileType = sourcecode.c.h; path = PTBadgeButton.h; sourceTree = "<group>"; };
		5E7D379E1FEF9E37006B673A /* ZEProgramDetailsVC.h */ = {isa = PBXFileReference; lastKnownFileType = sourcecode.c.h; path = ZEProgramDetailsVC.h; sourceTree = "<group>"; };
		5E7D379F1FEF9E37006B673A /* ZEProgramDetailsVC.m */ = {isa = PBXFileReference; lastKnownFileType = sourcecode.c.objc; path = ZEProgramDetailsVC.m; sourceTree = "<group>"; };
		5E7D37A11FEFAF26006B673A /* HMSegmentedControl.h */ = {isa = PBXFileReference; fileEncoding = 4; lastKnownFileType = sourcecode.c.h; path = HMSegmentedControl.h; sourceTree = "<group>"; };
		5E7D37A21FEFAF26006B673A /* HMSegmentedControl.m */ = {isa = PBXFileReference; fileEncoding = 4; lastKnownFileType = sourcecode.c.objc; path = HMSegmentedControl.m; sourceTree = "<group>"; };
		5E7D37A71FEFB13F006B673A /* NSString+File.h */ = {isa = PBXFileReference; fileEncoding = 4; lastKnownFileType = sourcecode.c.h; path = "NSString+File.h"; sourceTree = "<group>"; };
		5E7D37A81FEFB13F006B673A /* NSString+File.m */ = {isa = PBXFileReference; fileEncoding = 4; lastKnownFileType = sourcecode.c.objc; path = "NSString+File.m"; sourceTree = "<group>"; };
		5E7D37AF1FEFC338006B673A /* ZEProgramDetailParaHeaderView.h */ = {isa = PBXFileReference; lastKnownFileType = sourcecode.c.h; path = ZEProgramDetailParaHeaderView.h; sourceTree = "<group>"; };
		5E7D37B01FEFC338006B673A /* ZEProgramDetailParaHeaderView.m */ = {isa = PBXFileReference; lastKnownFileType = sourcecode.c.objc; path = ZEProgramDetailParaHeaderView.m; sourceTree = "<group>"; };
		5E9B2A451FF0EC94006F4799 /* ZEProgramDetailParamCell.h */ = {isa = PBXFileReference; lastKnownFileType = sourcecode.c.h; path = ZEProgramDetailParamCell.h; sourceTree = "<group>"; };
		5E9B2A461FF0EC94006F4799 /* ZEProgramDetailParamCell.m */ = {isa = PBXFileReference; lastKnownFileType = sourcecode.c.objc; path = ZEProgramDetailParamCell.m; sourceTree = "<group>"; };
		5EDD6F5A1FF3B5A900173A75 /* ZEProgramDetailSellTimeCell.h */ = {isa = PBXFileReference; lastKnownFileType = sourcecode.c.h; path = ZEProgramDetailSellTimeCell.h; sourceTree = "<group>"; };
		5EDD6F5B1FF3B5A900173A75 /* ZEProgramDetailSellTimeCell.m */ = {isa = PBXFileReference; lastKnownFileType = sourcecode.c.objc; path = ZEProgramDetailSellTimeCell.m; sourceTree = "<group>"; };
		5EDD6F5D1FF3B95F00173A75 /* ZEProgramDetailModel.h */ = {isa = PBXFileReference; lastKnownFileType = sourcecode.c.h; path = ZEProgramDetailModel.h; sourceTree = "<group>"; };
		5EDD6F5E1FF3B95F00173A75 /* ZEProgramDetailModel.m */ = {isa = PBXFileReference; lastKnownFileType = sourcecode.c.objc; path = ZEProgramDetailModel.m; sourceTree = "<group>"; };
		5EF0CDCB1FF0C01A005870A9 /* JHGridView.h */ = {isa = PBXFileReference; fileEncoding = 4; lastKnownFileType = sourcecode.c.h; path = JHGridView.h; sourceTree = "<group>"; };
		5EF0CDCC1FF0C01A005870A9 /* JHGridView.m */ = {isa = PBXFileReference; fileEncoding = 4; lastKnownFileType = sourcecode.c.objc; path = JHGridView.m; sourceTree = "<group>"; };
		5EF7D80C1FF7C65100CA2ECC /* ZEProgramDetailPlaceCell.h */ = {isa = PBXFileReference; lastKnownFileType = sourcecode.c.h; path = ZEProgramDetailPlaceCell.h; sourceTree = "<group>"; };
		5EF7D80D1FF7C65100CA2ECC /* ZEProgramDetailPlaceCell.m */ = {isa = PBXFileReference; lastKnownFileType = sourcecode.c.objc; path = ZEProgramDetailPlaceCell.m; sourceTree = "<group>"; };
		5EF7D8151FF8800800CA2ECC /* CenterViewController.m */ = {isa = PBXFileReference; fileEncoding = 4; lastKnownFileType = sourcecode.c.objc; path = CenterViewController.m; sourceTree = "<group>"; };
		5EF7D8161FF8800800CA2ECC /* CenterViewController.h */ = {isa = PBXFileReference; fileEncoding = 4; lastKnownFileType = sourcecode.c.h; path = CenterViewController.h; sourceTree = "<group>"; };
		5EF7D81D1FF880D500CA2ECC /* SubmitDetailInfoViewController.h */ = {isa = PBXFileReference; fileEncoding = 4; lastKnownFileType = sourcecode.c.h; path = SubmitDetailInfoViewController.h; sourceTree = "<group>"; };
		5EF7D81E1FF880D600CA2ECC /* SubmitDetailInfoViewController.m */ = {isa = PBXFileReference; fileEncoding = 4; lastKnownFileType = sourcecode.c.objc; path = SubmitDetailInfoViewController.m; sourceTree = "<group>"; };
		5EF7D8201FF8810400CA2ECC /* LlzTypeView.h */ = {isa = PBXFileReference; fileEncoding = 4; lastKnownFileType = sourcecode.c.h; path = LlzTypeView.h; sourceTree = "<group>"; };
		5EF7D8211FF8810400CA2ECC /* LlzTypeView.m */ = {isa = PBXFileReference; fileEncoding = 4; lastKnownFileType = sourcecode.c.objc; path = LlzTypeView.m; sourceTree = "<group>"; };
		5EF7D8221FF8810400CA2ECC /* LlzTypeView.xib */ = {isa = PBXFileReference; fileEncoding = 4; lastKnownFileType = file.xib; path = LlzTypeView.xib; sourceTree = "<group>"; };
		5EF7D8251FF8811F00CA2ECC /* CenterModelView.m */ = {isa = PBXFileReference; fileEncoding = 4; lastKnownFileType = sourcecode.c.objc; path = CenterModelView.m; sourceTree = "<group>"; };
		5EF7D8261FF8811F00CA2ECC /* CenterModelView.xib */ = {isa = PBXFileReference; fileEncoding = 4; lastKnownFileType = file.xib; path = CenterModelView.xib; sourceTree = "<group>"; };
		5EF7D8271FF8811F00CA2ECC /* CenterModelView.h */ = {isa = PBXFileReference; fileEncoding = 4; lastKnownFileType = sourcecode.c.h; path = CenterModelView.h; sourceTree = "<group>"; };
		5EF7D82A1FF8814A00CA2ECC /* ApplyInfoView.m */ = {isa = PBXFileReference; fileEncoding = 4; lastKnownFileType = sourcecode.c.objc; path = ApplyInfoView.m; sourceTree = "<group>"; };
		5EF7D82B1FF8814B00CA2ECC /* ApplyInfoView.h */ = {isa = PBXFileReference; fileEncoding = 4; lastKnownFileType = sourcecode.c.h; path = ApplyInfoView.h; sourceTree = "<group>"; };
		5EF7D82C1FF8814B00CA2ECC /* ApplyInfoView.xib */ = {isa = PBXFileReference; fileEncoding = 4; lastKnownFileType = file.xib; path = ApplyInfoView.xib; sourceTree = "<group>"; };
		5EF7D82F1FF8816F00CA2ECC /* HylbTableViewCell.xib */ = {isa = PBXFileReference; fileEncoding = 4; lastKnownFileType = file.xib; path = HylbTableViewCell.xib; sourceTree = "<group>"; };
		5EF7D8301FF8816F00CA2ECC /* HylbTableViewCell.m */ = {isa = PBXFileReference; fileEncoding = 4; lastKnownFileType = sourcecode.c.objc; path = HylbTableViewCell.m; sourceTree = "<group>"; };
		5EF7D8311FF8816F00CA2ECC /* HylbTableViewCell.h */ = {isa = PBXFileReference; fileEncoding = 4; lastKnownFileType = sourcecode.c.h; path = HylbTableViewCell.h; sourceTree = "<group>"; };
		5EF7D8341FF8819F00CA2ECC /* UIImagePickerController+ST.m */ = {isa = PBXFileReference; fileEncoding = 4; lastKnownFileType = sourcecode.c.objc; path = "UIImagePickerController+ST.m"; sourceTree = "<group>"; };
		5EF7D8351FF8819F00CA2ECC /* UIImagePickerController+ST.h */ = {isa = PBXFileReference; fileEncoding = 4; lastKnownFileType = sourcecode.c.h; path = "UIImagePickerController+ST.h"; sourceTree = "<group>"; };
		5EF7D8371FF881C900CA2ECC /* SubmitApplyViewController.m */ = {isa = PBXFileReference; fileEncoding = 4; lastKnownFileType = sourcecode.c.objc; path = SubmitApplyViewController.m; sourceTree = "<group>"; };
		5EF7D8381FF881C900CA2ECC /* SubmitApplyViewController.h */ = {isa = PBXFileReference; fileEncoding = 4; lastKnownFileType = sourcecode.c.h; path = SubmitApplyViewController.h; sourceTree = "<group>"; };
		5EF7D8391FF881C900CA2ECC /* SubmitApplyViewController.xib */ = {isa = PBXFileReference; fileEncoding = 4; lastKnownFileType = file.xib; path = SubmitApplyViewController.xib; sourceTree = "<group>"; };
		5EF7D83C1FF883F400CA2ECC /* ZEProgramListVC.m */ = {isa = PBXFileReference; fileEncoding = 4; lastKnownFileType = sourcecode.c.objc; path = ZEProgramListVC.m; sourceTree = "<group>"; };
		5EF7D83D1FF883F400CA2ECC /* ZEProgramListVC.h */ = {isa = PBXFileReference; fileEncoding = 4; lastKnownFileType = sourcecode.c.h; path = ZEProgramListVC.h; sourceTree = "<group>"; };
		5EF7D83F1FF8851E00CA2ECC /* LLZPerSubmitViewController.h */ = {isa = PBXFileReference; fileEncoding = 4; lastKnownFileType = sourcecode.c.h; path = LLZPerSubmitViewController.h; sourceTree = "<group>"; };
		5EF7D8401FF8851E00CA2ECC /* LLZPerSubmitViewController.m */ = {isa = PBXFileReference; fileEncoding = 4; lastKnownFileType = sourcecode.c.objc; path = LLZPerSubmitViewController.m; sourceTree = "<group>"; };
		5EF7D8421FF8854700CA2ECC /* PersonInfoSubmitView.h */ = {isa = PBXFileReference; fileEncoding = 4; lastKnownFileType = sourcecode.c.h; path = PersonInfoSubmitView.h; sourceTree = "<group>"; };
		5EF7D8431FF8854700CA2ECC /* PersonInfoSubmitView.xib */ = {isa = PBXFileReference; fileEncoding = 4; lastKnownFileType = file.xib; path = PersonInfoSubmitView.xib; sourceTree = "<group>"; };
		5EF7D8441FF8854700CA2ECC /* PersonInfoSubmitView.m */ = {isa = PBXFileReference; fileEncoding = 4; lastKnownFileType = sourcecode.c.objc; path = PersonInfoSubmitView.m; sourceTree = "<group>"; };
		AEACCC6F75B0047763AEFD55 /* Pods-adzealer.debug.xcconfig */ = {isa = PBXFileReference; includeInIndex = 1; lastKnownFileType = text.xcconfig; name = "Pods-adzealer.debug.xcconfig"; path = "Pods/Target Support Files/Pods-adzealer/Pods-adzealer.debug.xcconfig"; sourceTree = "<group>"; };
		E294035B2BBF66A65B71FD84 /* Pods-adzealer.release.xcconfig */ = {isa = PBXFileReference; includeInIndex = 1; lastKnownFileType = text.xcconfig; name = "Pods-adzealer.release.xcconfig"; path = "Pods/Target Support Files/Pods-adzealer/Pods-adzealer.release.xcconfig"; sourceTree = "<group>"; };
/* End PBXFileReference section */

/* Begin PBXFrameworksBuildPhase section */
		5E7136B81FEF8C950094E74B /* Frameworks */ = {
			isa = PBXFrameworksBuildPhase;
			buildActionMask = 2147483647;
			files = (
				35023DA86ADB1A257D15419E /* libPods-adzealer.a in Frameworks */,
			);
			runOnlyForDeploymentPostprocessing = 0;
		};
/* End PBXFrameworksBuildPhase section */

/* Begin PBXGroup section */
		2FD04BF94A2C80FB4853328A /* Pods */ = {
			isa = PBXGroup;
			children = (
				AEACCC6F75B0047763AEFD55 /* Pods-adzealer.debug.xcconfig */,
				E294035B2BBF66A65B71FD84 /* Pods-adzealer.release.xcconfig */,
			);
			name = Pods;
			sourceTree = "<group>";
		};
		4C7DF42A2E96B7FCC3CBCE9F /* Frameworks */ = {
			isa = PBXGroup;
			children = (
				5D1E88BA7B79EE0A174A6ADC /* libPods-adzealer.a */,
			);
			name = Frameworks;
			sourceTree = "<group>";
		};
		5E7136B21FEF8C950094E74B = {
			isa = PBXGroup;
			children = (
				5E7136BD1FEF8C950094E74B /* adzealer */,
				5E7136BC1FEF8C950094E74B /* Products */,
				2FD04BF94A2C80FB4853328A /* Pods */,
				4C7DF42A2E96B7FCC3CBCE9F /* Frameworks */,
			);
			sourceTree = "<group>";
		};
		5E7136BC1FEF8C950094E74B /* Products */ = {
			isa = PBXGroup;
			children = (
				5E7136BB1FEF8C950094E74B /* adzealer.app */,
			);
			name = Products;
			sourceTree = "<group>";
		};
		5E7136BD1FEF8C950094E74B /* adzealer */ = {
			isa = PBXGroup;
			children = (
				5E7D37581FEF9C86006B673A /* Classes */,
				5E7136C41FEF8C950094E74B /* Main.storyboard */,
				5E7136C71FEF8C950094E74B /* Assets.xcassets */,
				5E7136C91FEF8C950094E74B /* LaunchScreen.storyboard */,
				5E7136CC1FEF8C950094E74B /* Info.plist */,
				5E7136CD1FEF8C950094E74B /* main.m */,
			);
			path = adzealer;
			sourceTree = "<group>";
		};
		5E7D37581FEF9C86006B673A /* Classes */ = {
			isa = PBXGroup;
			children = (
				5EF7D8111FF87FAC00CA2ECC /* ApplyAdvertFlow */,
				5E7D379A1FEF9DF4006B673A /* Advertisement */,
				5E7D37591FEF9C86006B673A /* Other */,
				5E7D37701FEF9C86006B673A /* Main */,
			);
			path = Classes;
			sourceTree = "<group>";
		};
		5E7D37591FEF9C86006B673A /* Other */ = {
			isa = PBXGroup;
			children = (
				5EF0CDCA1FF0C01A005870A9 /* JHGridView */,
				5E7D375A1FEF9C86006B673A /* Tools */,
				5E7D37641FEF9C86006B673A /* PTPracticalTraining.pch */,
				5E7D37651FEF9C86006B673A /* CommonView */,
				5E7D37681FEF9C86006B673A /* Category */,
				5E7D376F1FEF9C86006B673A /* PTAppDelegate.h */,
				5E7D376D1FEF9C86006B673A /* PTAppDelegate.m */,
				5E7D376E1FEF9C86006B673A /* PTPracticalTraining.h */,
			);
			path = Other;
			sourceTree = "<group>";
		};
		5E7D375A1FEF9C86006B673A /* Tools */ = {
			isa = PBXGroup;
			children = (
				5EF7D8351FF8819F00CA2ECC /* UIImagePickerController+ST.h */,
				5EF7D8341FF8819F00CA2ECC /* UIImagePickerController+ST.m */,
				5E7D37A11FEFAF26006B673A /* HMSegmentedControl.h */,
				5E7D37A21FEFAF26006B673A /* HMSegmentedControl.m */,
				5E7D375B1FEF9C86006B673A /* PTCommonTools.h */,
				5E7D37621FEF9C86006B673A /* PTCommonTools.m */,
				5E7D375D1FEF9C86006B673A /* PopUpView */,
			);
			path = Tools;
			sourceTree = "<group>";
		};
		5E7D375D1FEF9C86006B673A /* PopUpView */ = {
			isa = PBXGroup;
			children = (
				5E7D375E1FEF9C86006B673A /* MOTPopConfig.m */,
				5E7D375F1FEF9C86006B673A /* MOTMutablePopView.h */,
				5E7D37601FEF9C86006B673A /* MOTPopConfig.h */,
				5E7D37611FEF9C86006B673A /* MOTMutablePopView.m */,
			);
			path = PopUpView;
			sourceTree = "<group>";
		};
		5E7D37651FEF9C86006B673A /* CommonView */ = {
			isa = PBXGroup;
			children = (
				5E7D37661FEF9C86006B673A /* PTDatePickerView.m */,
				5E7D37671FEF9C86006B673A /* PTDatePickerView.h */,
			);
			path = CommonView;
			sourceTree = "<group>";
		};
		5E7D37681FEF9C86006B673A /* Category */ = {
			isa = PBXGroup;
			children = (
				5E7D37A71FEFB13F006B673A /* NSString+File.h */,
				5E7D37A81FEFB13F006B673A /* NSString+File.m */,
				5E7D37691FEF9C86006B673A /* UIImage+PT.m */,
				5E7D376A1FEF9C86006B673A /* UIColor+Hex.m */,
				5E7D376B1FEF9C86006B673A /* UIColor+Hex.h */,
				5E7D376C1FEF9C86006B673A /* UIImage+PT.h */,
			);
			path = Category;
			sourceTree = "<group>";
		};
		5E7D37701FEF9C86006B673A /* Main */ = {
			isa = PBXGroup;
			children = (
				5E7D37711FEF9C86006B673A /* Controller */,
				5E7D377A1FEF9C86006B673A /* Model */,
				5E7D377D1FEF9C86006B673A /* View */,
			);
			path = Main;
			sourceTree = "<group>";
		};
		5E7D37711FEF9C86006B673A /* Controller */ = {
			isa = PBXGroup;
			children = (
				5EF7D83D1FF883F400CA2ECC /* ZEProgramListVC.h */,
				5EF7D83C1FF883F400CA2ECC /* ZEProgramListVC.m */,
				5E7D37721FEF9C86006B673A /* PTNewfeatureViewController.h */,
				5E7D37771FEF9C86006B673A /* PTNewfeatureViewController.m */,
				5E7D37731FEF9C86006B673A /* PTBaseViewController.h */,
				5E7D37761FEF9C86006B673A /* PTBaseViewController.m */,
				5E7D37781FEF9C86006B673A /* PTNavigationController.h */,
				5E7D37741FEF9C86006B673A /* PTNavigationController.m */,
				5E7D37791FEF9C86006B673A /* PTTabBarViewController.h */,
				5E7D37751FEF9C86006B673A /* PTTabBarViewController.m */,
			);
			path = Controller;
			sourceTree = "<group>";
		};
		5E7D377A1FEF9C86006B673A /* Model */ = {
			isa = PBXGroup;
			children = (
				5E7D377B1FEF9C86006B673A /* PTNewfeatureModel.m */,
				5E7D377C1FEF9C86006B673A /* PTNewfeatureModel.h */,
			);
			path = Model;
			sourceTree = "<group>";
		};
		5E7D377D1FEF9C86006B673A /* View */ = {
			isa = PBXGroup;
			children = (
				5E7D377E1FEF9C86006B673A /* PTNewfeaturePageControl.h */,
				5E7D377F1FEF9C86006B673A /* PTTabBarButton.m */,
				5E7D37801FEF9C86006B673A /* PTTabBar.h */,
				5E7D37811FEF9C86006B673A /* PTNewfeatureView.m */,
				5E7D37821FEF9C86006B673A /* PTBadgeButton.m */,
				5E7D37831FEF9C86006B673A /* PTTabBarButton.h */,
				5E7D37841FEF9C86006B673A /* PTNewfeaturePageControl.m */,
				5E7D37851FEF9C86006B673A /* PTNewfeatureView.h */,
				5E7D37861FEF9C86006B673A /* PTTabBar.m */,
				5E7D37871FEF9C86006B673A /* PTBadgeButton.h */,
			);
			path = View;
			sourceTree = "<group>";
		};
		5E7D379A1FEF9DF4006B673A /* Advertisement */ = {
			isa = PBXGroup;
			children = (
				5E7D379C1FEF9DF4006B673A /* Controllers */,
				5E7D379B1FEF9DF4006B673A /* Models */,
				5E7D379D1FEF9DF4006B673A /* Views */,
			);
			path = Advertisement;
			sourceTree = "<group>";
		};
		5E7D379B1FEF9DF4006B673A /* Models */ = {
			isa = PBXGroup;
			children = (
				5EDD6F5D1FF3B95F00173A75 /* ZEProgramDetailModel.h */,
				5EDD6F5E1FF3B95F00173A75 /* ZEProgramDetailModel.m */,
			);
			path = Models;
			sourceTree = "<group>";
		};
		5E7D379C1FEF9DF4006B673A /* Controllers */ = {
			isa = PBXGroup;
			children = (
				5E7D379E1FEF9E37006B673A /* ZEProgramDetailsVC.h */,
				5E7D379F1FEF9E37006B673A /* ZEProgramDetailsVC.m */,
			);
			path = Controllers;
			sourceTree = "<group>";
		};
		5E7D379D1FEF9DF4006B673A /* Views */ = {
			isa = PBXGroup;
			children = (
				5E7D37AF1FEFC338006B673A /* ZEProgramDetailParaHeaderView.h */,
				5E7D37B01FEFC338006B673A /* ZEProgramDetailParaHeaderView.m */,
				5E6725361FF0972F0093E59F /* ZEProgramDetailPriceDetailCell.h */,
				5E6725371FF0972F0093E59F /* ZEProgramDetailPriceDetailCell.m */,
				5E9B2A451FF0EC94006F4799 /* ZEProgramDetailParamCell.h */,
				5E9B2A461FF0EC94006F4799 /* ZEProgramDetailParamCell.m */,
				5EDD6F5A1FF3B5A900173A75 /* ZEProgramDetailSellTimeCell.h */,
				5EDD6F5B1FF3B5A900173A75 /* ZEProgramDetailSellTimeCell.m */,
				5EF7D80C1FF7C65100CA2ECC /* ZEProgramDetailPlaceCell.h */,
				5EF7D80D1FF7C65100CA2ECC /* ZEProgramDetailPlaceCell.m */,
			);
			path = Views;
			sourceTree = "<group>";
		};
		5EF0CDCA1FF0C01A005870A9 /* JHGridView */ = {
			isa = PBXGroup;
			children = (
				5EF0CDCB1FF0C01A005870A9 /* JHGridView.h */,
				5EF0CDCC1FF0C01A005870A9 /* JHGridView.m */,
			);
			path = JHGridView;
			sourceTree = "<group>";
		};
		5EF7D8111FF87FAC00CA2ECC /* ApplyAdvertFlow */ = {
			isa = PBXGroup;
			children = (
				5EF7D8131FF87FAC00CA2ECC /* Controllers */,
				5EF7D8121FF87FAC00CA2ECC /* Models */,
				5EF7D8141FF87FAC00CA2ECC /* Views */,
			);
			path = ApplyAdvertFlow;
			sourceTree = "<group>";
		};
		5EF7D8121FF87FAC00CA2ECC /* Models */ = {
			isa = PBXGroup;
			children = (
			);
			path = Models;
			sourceTree = "<group>";
		};
		5EF7D8131FF87FAC00CA2ECC /* Controllers */ = {
			isa = PBXGroup;
			children = (
				5EF7D83F1FF8851E00CA2ECC /* LLZPerSubmitViewController.h */,
				5EF7D8401FF8851E00CA2ECC /* LLZPerSubmitViewController.m */,
				5EF7D8381FF881C900CA2ECC /* SubmitApplyViewController.h */,
				5EF7D8371FF881C900CA2ECC /* SubmitApplyViewController.m */,
				5EF7D8391FF881C900CA2ECC /* SubmitApplyViewController.xib */,
				5EF7D81D1FF880D500CA2ECC /* SubmitDetailInfoViewController.h */,
				5EF7D81E1FF880D600CA2ECC /* SubmitDetailInfoViewController.m */,
				5EF7D8161FF8800800CA2ECC /* CenterViewController.h */,
				5EF7D8151FF8800800CA2ECC /* CenterViewController.m */,
			);
			path = Controllers;
			sourceTree = "<group>";
		};
		5EF7D8141FF87FAC00CA2ECC /* Views */ = {
			isa = PBXGroup;
			children = (
				5EF7D8421FF8854700CA2ECC /* PersonInfoSubmitView.h */,
				5EF7D8441FF8854700CA2ECC /* PersonInfoSubmitView.m */,
				5EF7D8431FF8854700CA2ECC /* PersonInfoSubmitView.xib */,
				5EF7D8311FF8816F00CA2ECC /* HylbTableViewCell.h */,
				5EF7D8301FF8816F00CA2ECC /* HylbTableViewCell.m */,
				5EF7D82F1FF8816F00CA2ECC /* HylbTableViewCell.xib */,
				5EF7D82B1FF8814B00CA2ECC /* ApplyInfoView.h */,
				5EF7D82A1FF8814A00CA2ECC /* ApplyInfoView.m */,
				5EF7D82C1FF8814B00CA2ECC /* ApplyInfoView.xib */,
				5EF7D8271FF8811F00CA2ECC /* CenterModelView.h */,
				5EF7D8251FF8811F00CA2ECC /* CenterModelView.m */,
				5EF7D8261FF8811F00CA2ECC /* CenterModelView.xib */,
				5EF7D8201FF8810400CA2ECC /* LlzTypeView.h */,
				5EF7D8211FF8810400CA2ECC /* LlzTypeView.m */,
				5EF7D8221FF8810400CA2ECC /* LlzTypeView.xib */,
			);
			path = Views;
			sourceTree = "<group>";
		};
/* End PBXGroup section */

/* Begin PBXNativeTarget section */
		5E7136BA1FEF8C950094E74B /* adzealer */ = {
			isa = PBXNativeTarget;
			buildConfigurationList = 5E7136D11FEF8C950094E74B /* Build configuration list for PBXNativeTarget "adzealer" */;
			buildPhases = (
				B04F33A32BB853AE297F5C25 /* [CP] Check Pods Manifest.lock */,
				5E7136B71FEF8C950094E74B /* Sources */,
				5E7136B81FEF8C950094E74B /* Frameworks */,
				5E7136B91FEF8C950094E74B /* Resources */,
				70C33DFBE72D851803F32F4B /* [CP] Embed Pods Frameworks */,
				454292C5ACFBB21A0C1329F8 /* [CP] Copy Pods Resources */,
			);
			buildRules = (
			);
			dependencies = (
			);
			name = adzealer;
			productName = adzealer;
			productReference = 5E7136BB1FEF8C950094E74B /* adzealer.app */;
			productType = "com.apple.product-type.application";
		};
/* End PBXNativeTarget section */

/* Begin PBXProject section */
		5E7136B31FEF8C950094E74B /* Project object */ = {
			isa = PBXProject;
			attributes = {
				CLASSPREFIX = ZE;
				LastUpgradeCheck = 0920;
				ORGANIZATIONNAME = yangtuan;
				TargetAttributes = {
					5E7136BA1FEF8C950094E74B = {
						CreatedOnToolsVersion = 9.2;
						ProvisioningStyle = Manual;
					};
				};
			};
			buildConfigurationList = 5E7136B61FEF8C950094E74B /* Build configuration list for PBXProject "adzealer" */;
			compatibilityVersion = "Xcode 8.0";
			developmentRegion = en;
			hasScannedForEncodings = 0;
			knownRegions = (
				en,
				Base,
			);
			mainGroup = 5E7136B21FEF8C950094E74B;
			productRefGroup = 5E7136BC1FEF8C950094E74B /* Products */;
			projectDirPath = "";
			projectRoot = "";
			targets = (
				5E7136BA1FEF8C950094E74B /* adzealer */,
			);
		};
/* End PBXProject section */

/* Begin PBXResourcesBuildPhase section */
		5E7136B91FEF8C950094E74B /* Resources */ = {
			isa = PBXResourcesBuildPhase;
			buildActionMask = 2147483647;
			files = (
				5EF7D8291FF8811F00CA2ECC /* CenterModelView.xib in Resources */,
				5EF7D8451FF8854700CA2ECC /* PersonInfoSubmitView.xib in Resources */,
				5E7136CB1FEF8C950094E74B /* LaunchScreen.storyboard in Resources */,
				5EF7D8241FF8810400CA2ECC /* LlzTypeView.xib in Resources */,
				5EF7D82E1FF8814B00CA2ECC /* ApplyInfoView.xib in Resources */,
				5EF7D8321FF8816F00CA2ECC /* HylbTableViewCell.xib in Resources */,
				5E7136C81FEF8C950094E74B /* Assets.xcassets in Resources */,
				5E7136C61FEF8C950094E74B /* Main.storyboard in Resources */,
				5EF7D83B1FF881C900CA2ECC /* SubmitApplyViewController.xib in Resources */,
			);
			runOnlyForDeploymentPostprocessing = 0;
		};
/* End PBXResourcesBuildPhase section */

/* Begin PBXShellScriptBuildPhase section */
		454292C5ACFBB21A0C1329F8 /* [CP] Copy Pods Resources */ = {
			isa = PBXShellScriptBuildPhase;
			buildActionMask = 2147483647;
			files = (
			);
			inputPaths = (
				"${SRCROOT}/Pods/Target Support Files/Pods-adzealer/Pods-adzealer-resources.sh",
				"${PODS_ROOT}/IQKeyboardManager/IQKeyboardManager/Resources/IQKeyboardManager.bundle",
				"${PODS_ROOT}/MJRefresh/MJRefresh/MJRefresh.bundle",
			);
			name = "[CP] Copy Pods Resources";
			outputPaths = (
				"${TARGET_BUILD_DIR}/${UNLOCALIZED_RESOURCES_FOLDER_PATH}",
			);
			runOnlyForDeploymentPostprocessing = 0;
			shellPath = /bin/sh;
			shellScript = "\"${SRCROOT}/Pods/Target Support Files/Pods-adzealer/Pods-adzealer-resources.sh\"\n";
			showEnvVarsInLog = 0;
		};
		70C33DFBE72D851803F32F4B /* [CP] Embed Pods Frameworks */ = {
			isa = PBXShellScriptBuildPhase;
			buildActionMask = 2147483647;
			files = (
			);
			inputPaths = (
			);
			name = "[CP] Embed Pods Frameworks";
			outputPaths = (
			);
			runOnlyForDeploymentPostprocessing = 0;
			shellPath = /bin/sh;
			shellScript = "\"${SRCROOT}/Pods/Target Support Files/Pods-adzealer/Pods-adzealer-frameworks.sh\"\n";
			showEnvVarsInLog = 0;
		};
		B04F33A32BB853AE297F5C25 /* [CP] Check Pods Manifest.lock */ = {
			isa = PBXShellScriptBuildPhase;
			buildActionMask = 2147483647;
			files = (
			);
			inputPaths = (
				"${PODS_PODFILE_DIR_PATH}/Podfile.lock",
				"${PODS_ROOT}/Manifest.lock",
			);
			name = "[CP] Check Pods Manifest.lock";
			outputPaths = (
				"$(DERIVED_FILE_DIR)/Pods-adzealer-checkManifestLockResult.txt",
			);
			runOnlyForDeploymentPostprocessing = 0;
			shellPath = /bin/sh;
			shellScript = "diff \"${PODS_PODFILE_DIR_PATH}/Podfile.lock\" \"${PODS_ROOT}/Manifest.lock\" > /dev/null\nif [ $? != 0 ] ; then\n    # print error to STDERR\n    echo \"error: The sandbox is not in sync with the Podfile.lock. Run 'pod install' or update your CocoaPods installation.\" >&2\n    exit 1\nfi\n# This output is used by Xcode 'outputs' to avoid re-running this script phase.\necho \"SUCCESS\" > \"${SCRIPT_OUTPUT_FILE_0}\"\n";
			showEnvVarsInLog = 0;
		};
/* End PBXShellScriptBuildPhase section */

/* Begin PBXSourcesBuildPhase section */
		5E7136B71FEF8C950094E74B /* Sources */ = {
			isa = PBXSourcesBuildPhase;
			buildActionMask = 2147483647;
			files = (
				5E7D378C1FEF9C86006B673A /* PTDatePickerView.m in Sources */,
				5EF0CDCD1FF0C01A005870A9 /* JHGridView.m in Sources */,
				5EF7D83E1FF883F500CA2ECC /* ZEProgramListVC.m in Sources */,
				5E7D378F1FEF9C86006B673A /* PTAppDelegate.m in Sources */,
				5E7D37971FEF9C86006B673A /* PTBadgeButton.m in Sources */,
				5E7D37A91FEFB13F006B673A /* NSString+File.m in Sources */,
				5E7D378E1FEF9C86006B673A /* UIColor+Hex.m in Sources */,
				5EF7D83A1FF881C900CA2ECC /* SubmitApplyViewController.m in Sources */,
				5E7D37951FEF9C86006B673A /* PTTabBarButton.m in Sources */,
				5E7D37911FEF9C86006B673A /* PTTabBarViewController.m in Sources */,
				5EF7D8461FF8854700CA2ECC /* PersonInfoSubmitView.m in Sources */,
				5E7D378D1FEF9C86006B673A /* UIImage+PT.m in Sources */,
				5EF7D8411FF8851E00CA2ECC /* LLZPerSubmitViewController.m in Sources */,
				5E7D37961FEF9C86006B673A /* PTNewfeatureView.m in Sources */,
				5E7136CE1FEF8C950094E74B /* main.m in Sources */,
				5E7D37A31FEFAF26006B673A /* HMSegmentedControl.m in Sources */,
				5E7D37931FEF9C86006B673A /* PTNewfeatureViewController.m in Sources */,
				5EF7D82D1FF8814B00CA2ECC /* ApplyInfoView.m in Sources */,
				5EF7D8281FF8811F00CA2ECC /* CenterModelView.m in Sources */,
				5EDD6F5C1FF3B5A900173A75 /* ZEProgramDetailSellTimeCell.m in Sources */,
				5E7D37941FEF9C86006B673A /* PTNewfeatureModel.m in Sources */,
				5EF7D80E1FF7C65100CA2ECC /* ZEProgramDetailPlaceCell.m in Sources */,
				5E7D378B1FEF9C86006B673A /* PTCommonTools.m in Sources */,
				5E6725381FF0972F0093E59F /* ZEProgramDetailPriceDetailCell.m in Sources */,
				5EF7D8361FF8819F00CA2ECC /* UIImagePickerController+ST.m in Sources */,
				5E7D37991FEF9C86006B673A /* PTTabBar.m in Sources */,
				5E7D378A1FEF9C86006B673A /* MOTMutablePopView.m in Sources */,
				5E7D37981FEF9C86006B673A /* PTNewfeaturePageControl.m in Sources */,
				5E7D37891FEF9C86006B673A /* MOTPopConfig.m in Sources */,
				5E7D37B11FEFC338006B673A /* ZEProgramDetailParaHeaderView.m in Sources */,
				5E7D37A01FEF9E37006B673A /* ZEProgramDetailsVC.m in Sources */,
				5EF7D8331FF8816F00CA2ECC /* HylbTableViewCell.m in Sources */,
				5E7D37901FEF9C86006B673A /* PTNavigationController.m in Sources */,
				5EF7D81F1FF880D600CA2ECC /* SubmitDetailInfoViewController.m in Sources */,
				5E7D37921FEF9C86006B673A /* PTBaseViewController.m in Sources */,
				5EDD6F5F1FF3B95F00173A75 /* ZEProgramDetailModel.m in Sources */,
				5EF7D8231FF8810400CA2ECC /* LlzTypeView.m in Sources */,
				5E9B2A471FF0EC94006F4799 /* ZEProgramDetailParamCell.m in Sources */,
				5EF7D8171FF8800800CA2ECC /* CenterViewController.m in Sources */,
			);
			runOnlyForDeploymentPostprocessing = 0;
		};
/* End PBXSourcesBuildPhase section */

/* Begin PBXVariantGroup section */
		5E7136C41FEF8C950094E74B /* Main.storyboard */ = {
			isa = PBXVariantGroup;
			children = (
				5E7136C51FEF8C950094E74B /* Base */,
			);
			name = Main.storyboard;
			sourceTree = "<group>";
		};
		5E7136C91FEF8C950094E74B /* LaunchScreen.storyboard */ = {
			isa = PBXVariantGroup;
			children = (
				5E7136CA1FEF8C950094E74B /* Base */,
			);
			name = LaunchScreen.storyboard;
			sourceTree = "<group>";
		};
/* End PBXVariantGroup section */

/* Begin XCBuildConfiguration section */
		5E7136CF1FEF8C950094E74B /* Debug */ = {
			isa = XCBuildConfiguration;
			buildSettings = {
				ALWAYS_SEARCH_USER_PATHS = NO;
				CLANG_ANALYZER_NONNULL = YES;
				CLANG_ANALYZER_NUMBER_OBJECT_CONVERSION = YES_AGGRESSIVE;
				CLANG_CXX_LANGUAGE_STANDARD = "gnu++14";
				CLANG_CXX_LIBRARY = "libc++";
				CLANG_ENABLE_MODULES = YES;
				CLANG_ENABLE_OBJC_ARC = YES;
				CLANG_WARN_BLOCK_CAPTURE_AUTORELEASING = YES;
				CLANG_WARN_BOOL_CONVERSION = YES;
				CLANG_WARN_COMMA = YES;
				CLANG_WARN_CONSTANT_CONVERSION = YES;
				CLANG_WARN_DIRECT_OBJC_ISA_USAGE = YES_ERROR;
				CLANG_WARN_DOCUMENTATION_COMMENTS = YES;
				CLANG_WARN_EMPTY_BODY = YES;
				CLANG_WARN_ENUM_CONVERSION = YES;
				CLANG_WARN_INFINITE_RECURSION = YES;
				CLANG_WARN_INT_CONVERSION = YES;
				CLANG_WARN_NON_LITERAL_NULL_CONVERSION = YES;
				CLANG_WARN_OBJC_LITERAL_CONVERSION = YES;
				CLANG_WARN_OBJC_ROOT_CLASS = YES_ERROR;
				CLANG_WARN_RANGE_LOOP_ANALYSIS = YES;
				CLANG_WARN_STRICT_PROTOTYPES = YES;
				CLANG_WARN_SUSPICIOUS_MOVE = YES;
				CLANG_WARN_UNGUARDED_AVAILABILITY = YES_AGGRESSIVE;
				CLANG_WARN_UNREACHABLE_CODE = YES;
				CLANG_WARN__DUPLICATE_METHOD_MATCH = YES;
				CODE_SIGN_IDENTITY = "iPhone Developer";
				COPY_PHASE_STRIP = NO;
				DEBUG_INFORMATION_FORMAT = dwarf;
				ENABLE_STRICT_OBJC_MSGSEND = YES;
				ENABLE_TESTABILITY = YES;
				GCC_C_LANGUAGE_STANDARD = gnu11;
				GCC_DYNAMIC_NO_PIC = NO;
				GCC_NO_COMMON_BLOCKS = YES;
				GCC_OPTIMIZATION_LEVEL = 0;
				GCC_PREPROCESSOR_DEFINITIONS = (
					"DEBUG=1",
					"$(inherited)",
				);
				GCC_WARN_64_TO_32_BIT_CONVERSION = YES;
				GCC_WARN_ABOUT_RETURN_TYPE = YES_ERROR;
				GCC_WARN_UNDECLARED_SELECTOR = YES;
				GCC_WARN_UNINITIALIZED_AUTOS = YES_AGGRESSIVE;
				GCC_WARN_UNUSED_FUNCTION = YES;
				GCC_WARN_UNUSED_VARIABLE = YES;
				IPHONEOS_DEPLOYMENT_TARGET = 11.2;
				MTL_ENABLE_DEBUG_INFO = YES;
				ONLY_ACTIVE_ARCH = YES;
				SDKROOT = iphoneos;
			};
			name = Debug;
		};
		5E7136D01FEF8C950094E74B /* Release */ = {
			isa = XCBuildConfiguration;
			buildSettings = {
				ALWAYS_SEARCH_USER_PATHS = NO;
				CLANG_ANALYZER_NONNULL = YES;
				CLANG_ANALYZER_NUMBER_OBJECT_CONVERSION = YES_AGGRESSIVE;
				CLANG_CXX_LANGUAGE_STANDARD = "gnu++14";
				CLANG_CXX_LIBRARY = "libc++";
				CLANG_ENABLE_MODULES = YES;
				CLANG_ENABLE_OBJC_ARC = YES;
				CLANG_WARN_BLOCK_CAPTURE_AUTORELEASING = YES;
				CLANG_WARN_BOOL_CONVERSION = YES;
				CLANG_WARN_COMMA = YES;
				CLANG_WARN_CONSTANT_CONVERSION = YES;
				CLANG_WARN_DIRECT_OBJC_ISA_USAGE = YES_ERROR;
				CLANG_WARN_DOCUMENTATION_COMMENTS = YES;
				CLANG_WARN_EMPTY_BODY = YES;
				CLANG_WARN_ENUM_CONVERSION = YES;
				CLANG_WARN_INFINITE_RECURSION = YES;
				CLANG_WARN_INT_CONVERSION = YES;
				CLANG_WARN_NON_LITERAL_NULL_CONVERSION = YES;
				CLANG_WARN_OBJC_LITERAL_CONVERSION = YES;
				CLANG_WARN_OBJC_ROOT_CLASS = YES_ERROR;
				CLANG_WARN_RANGE_LOOP_ANALYSIS = YES;
				CLANG_WARN_STRICT_PROTOTYPES = YES;
				CLANG_WARN_SUSPICIOUS_MOVE = YES;
				CLANG_WARN_UNGUARDED_AVAILABILITY = YES_AGGRESSIVE;
				CLANG_WARN_UNREACHABLE_CODE = YES;
				CLANG_WARN__DUPLICATE_METHOD_MATCH = YES;
				CODE_SIGN_IDENTITY = "iPhone Developer";
				COPY_PHASE_STRIP = NO;
				DEBUG_INFORMATION_FORMAT = "dwarf-with-dsym";
				ENABLE_NS_ASSERTIONS = NO;
				ENABLE_STRICT_OBJC_MSGSEND = YES;
				GCC_C_LANGUAGE_STANDARD = gnu11;
				GCC_NO_COMMON_BLOCKS = YES;
				GCC_WARN_64_TO_32_BIT_CONVERSION = YES;
				GCC_WARN_ABOUT_RETURN_TYPE = YES_ERROR;
				GCC_WARN_UNDECLARED_SELECTOR = YES;
				GCC_WARN_UNINITIALIZED_AUTOS = YES_AGGRESSIVE;
				GCC_WARN_UNUSED_FUNCTION = YES;
				GCC_WARN_UNUSED_VARIABLE = YES;
				IPHONEOS_DEPLOYMENT_TARGET = 11.2;
				MTL_ENABLE_DEBUG_INFO = NO;
				SDKROOT = iphoneos;
				VALIDATE_PRODUCT = YES;
			};
			name = Release;
		};
		5E7136D21FEF8C950094E74B /* Debug */ = {
			isa = XCBuildConfiguration;
			baseConfigurationReference = AEACCC6F75B0047763AEFD55 /* Pods-adzealer.debug.xcconfig */;
			buildSettings = {
				ASSETCATALOG_COMPILER_APPICON_NAME = AppIcon;
				CODE_SIGN_STYLE = Manual;
				DEVELOPMENT_TEAM = "";
				GCC_PRECOMPILE_PREFIX_HEADER = NO;
				GCC_PREFIX_HEADER = adzealer/Classes/Other/PTPracticalTraining.pch;
				INFOPLIST_FILE = adzealer/Info.plist;
				IPHONEOS_DEPLOYMENT_TARGET = 9.0;
				LD_RUNPATH_SEARCH_PATHS = "$(inherited) @executable_path/Frameworks";
				PRODUCT_BUNDLE_IDENTIFIER = com.tellyes.adzealer;
				PRODUCT_NAME = "$(TARGET_NAME)";
				PROVISIONING_PROFILE_SPECIFIER = "";
				TARGETED_DEVICE_FAMILY = "1,2";
			};
			name = Debug;
		};
		5E7136D31FEF8C950094E74B /* Release */ = {
			isa = XCBuildConfiguration;
			baseConfigurationReference = E294035B2BBF66A65B71FD84 /* Pods-adzealer.release.xcconfig */;
			buildSettings = {
				ASSETCATALOG_COMPILER_APPICON_NAME = AppIcon;
				CODE_SIGN_STYLE = Manual;
				DEVELOPMENT_TEAM = "";
				GCC_PRECOMPILE_PREFIX_HEADER = NO;
				GCC_PREFIX_HEADER = adzealer/Classes/Other/PTPracticalTraining.pch;
				INFOPLIST_FILE = adzealer/Info.plist;
				IPHONEOS_DEPLOYMENT_TARGET = 9.0;
				LD_RUNPATH_SEARCH_PATHS = "$(inherited) @executable_path/Frameworks";
				PRODUCT_BUNDLE_IDENTIFIER = com.tellyes.adzealer;
				PRODUCT_NAME = "$(TARGET_NAME)";
				PROVISIONING_PROFILE_SPECIFIER = "";
				TARGETED_DEVICE_FAMILY = "1,2";
			};
			name = Release;
		};
/* End XCBuildConfiguration section */

/* Begin XCConfigurationList section */
		5E7136B61FEF8C950094E74B /* Build configuration list for PBXProject "adzealer" */ = {
			isa = XCConfigurationList;
			buildConfigurations = (
				5E7136CF1FEF8C950094E74B /* Debug */,
				5E7136D01FEF8C950094E74B /* Release */,
			);
			defaultConfigurationIsVisible = 0;
			defaultConfigurationName = Release;
		};
		5E7136D11FEF8C950094E74B /* Build configuration list for PBXNativeTarget "adzealer" */ = {
			isa = XCConfigurationList;
			buildConfigurations = (
				5E7136D21FEF8C950094E74B /* Debug */,
				5E7136D31FEF8C950094E74B /* Release */,
			);
			defaultConfigurationIsVisible = 0;
			defaultConfigurationName = Release;
		};
/* End XCConfigurationList section */
	};
	rootObject = 5E7136B31FEF8C950094E74B /* Project object */;
}
